
Microsoft Visual Studio Solution File, Format Version 12.00
# Visual Studio Version 17
VisualStudioVersion = 17.8.34330.188
MinimumVisualStudioVersion = 10.0.40219.1
Project("{FAE04EC0-301F-11D3-BF4B-00C04F79EFBC}") = "Final_TerrariaBossInfo_AKG", "Final_TerrariaBossInfo_AKG.csproj", "{58D5C901-8689-4E42-9BDC-43178BE7A20F}"
EndProject
Global
	GlobalSection(SolutionConfigurationPlatforms) = preSolution
		Debug|Any CPU = Debug|Any CPU
		Release|Any CPU = Release|Any CPU
	EndGlobalSection
	GlobalSection(ProjectConfigurationPlatforms) = postSolution
		{58D5C901-8689-4E42-9BDC-43178BE7A20F}.Debug|Any CPU.ActiveCfg = Debug|Any CPU
		{58D5C901-8689-4E42-9BDC-43178BE7A20F}.Debug|Any CPU.Build.0 = Debug|Any CPU
		{58D5C901-8689-4E42-9BDC-43178BE7A20F}.Release|Any CPU.ActiveCfg = Release|Any CPU
		{58D5C901-8689-4E42-9BDC-43178BE7A20F}.Release|Any CPU.Build.0 = Release|Any CPU
	EndGlobalSection
	GlobalSection(SolutionProperties) = preSolution
		HideSolutionNode = FALSE
	EndGlobalSection
	GlobalSection(ExtensibilityGlobals) = postSolution
		SolutionGuid = {4CF67466-F33D-4495-958A-818F757A6CF4}
	EndGlobalSection
EndGlobal
